// !$*UTF8*$!
{
	archiveVersion = 1;
	classes = {
	};
	objectVersion = 51;
	objects = {

/* Begin PBXBuildFile section */
		0AA79F13242257A000AF939B /* AppDelegate.swift in Sources */ = {isa = PBXBuildFile; fileRef = 0AA79F12242257A000AF939B /* AppDelegate.swift */; };
		0AA79F15242257A000AF939B /* SceneDelegate.swift in Sources */ = {isa = PBXBuildFile; fileRef = 0AA79F14242257A000AF939B /* SceneDelegate.swift */; };
		0AA79F17242257A000AF939B /* ViewController.swift in Sources */ = {isa = PBXBuildFile; fileRef = 0AA79F16242257A000AF939B /* ViewController.swift */; };
		0AA79F1A242257A000AF939B /* Main.storyboard in Resources */ = {isa = PBXBuildFile; fileRef = 0AA79F18242257A000AF939B /* Main.storyboard */; };
		0AA79F1C242257A400AF939B /* Assets.xcassets in Resources */ = {isa = PBXBuildFile; fileRef = 0AA79F1B242257A400AF939B /* Assets.xcassets */; };
		0AA79F1F242257A400AF939B /* LaunchScreen.storyboard in Resources */ = {isa = PBXBuildFile; fileRef = 0AA79F1D242257A400AF939B /* LaunchScreen.storyboard */; };
		0AA79F2A242257A400AF939B /* SEPTANextToArriveTests.swift in Sources */ = {isa = PBXBuildFile; fileRef = 0AA79F29242257A400AF939B /* SEPTANextToArriveTests.swift */; };
		0AA79F35242257A400AF939B /* SEPTANextToArriveUITests.swift in Sources */ = {isa = PBXBuildFile; fileRef = 0AA79F34242257A400AF939B /* SEPTANextToArriveUITests.swift */; };
		0AA79F432423D6BF00AF939B /* SEPTAApi.swift in Sources */ = {isa = PBXBuildFile; fileRef = 0AA79F422423D6BF00AF939B /* SEPTAApi.swift */; };
/* End PBXBuildFile section */

/* Begin PBXContainerItemProxy section */
		0AA79F26242257A400AF939B /* PBXContainerItemProxy */ = {
			isa = PBXContainerItemProxy;
			containerPortal = 0AA79F07242257A000AF939B /* Project object */;
			proxyType = 1;
			remoteGlobalIDString = 0AA79F0E242257A000AF939B;
			remoteInfo = SEPTANextToArrive;
		};
		0AA79F31242257A400AF939B /* PBXContainerItemProxy */ = {
			isa = PBXContainerItemProxy;
			containerPortal = 0AA79F07242257A000AF939B /* Project object */;
			proxyType = 1;
			remoteGlobalIDString = 0AA79F0E242257A000AF939B;
			remoteInfo = SEPTANextToArrive;
		};
/* End PBXContainerItemProxy section */

/* Begin PBXFileReference section */
		0AA79F0F242257A000AF939B /* SEPTANextToArrive.app */ = {isa = PBXFileReference; explicitFileType = wrapper.application; includeInIndex = 0; path = SEPTANextToArrive.app; sourceTree = BUILT_PRODUCTS_DIR; };
		0AA79F12242257A000AF939B /* AppDelegate.swift */ = {isa = PBXFileReference; lastKnownFileType = sourcecode.swift; path = AppDelegate.swift; sourceTree = "<group>"; };
		0AA79F14242257A000AF939B /* SceneDelegate.swift */ = {isa = PBXFileReference; lastKnownFileType = sourcecode.swift; path = SceneDelegate.swift; sourceTree = "<group>"; };
		0AA79F16242257A000AF939B /* ViewController.swift */ = {isa = PBXFileReference; lastKnownFileType = sourcecode.swift; path = ViewController.swift; sourceTree = "<group>"; };
		0AA79F19242257A000AF939B /* Base */ = {isa = PBXFileReference; lastKnownFileType = file.storyboard; name = Base; path = Base.lproj/Main.storyboard; sourceTree = "<group>"; };
		0AA79F1B242257A400AF939B /* Assets.xcassets */ = {isa = PBXFileReference; lastKnownFileType = folder.assetcatalog; path = Assets.xcassets; sourceTree = "<group>"; };
		0AA79F1E242257A400AF939B /* Base */ = {isa = PBXFileReference; lastKnownFileType = file.storyboard; name = Base; path = Base.lproj/LaunchScreen.storyboard; sourceTree = "<group>"; };
		0AA79F20242257A400AF939B /* Info.plist */ = {isa = PBXFileReference; lastKnownFileType = text.plist.xml; path = Info.plist; sourceTree = "<group>"; };
		0AA79F25242257A400AF939B /* SEPTANextToArriveTests.xctest */ = {isa = PBXFileReference; explicitFileType = wrapper.cfbundle; includeInIndex = 0; path = SEPTANextToArriveTests.xctest; sourceTree = BUILT_PRODUCTS_DIR; };
		0AA79F29242257A400AF939B /* SEPTANextToArriveTests.swift */ = {isa = PBXFileReference; lastKnownFileType = sourcecode.swift; path = SEPTANextToArriveTests.swift; sourceTree = "<group>"; };
		0AA79F2B242257A400AF939B /* Info.plist */ = {isa = PBXFileReference; lastKnownFileType = text.plist.xml; path = Info.plist; sourceTree = "<group>"; };
		0AA79F30242257A400AF939B /* SEPTANextToArriveUITests.xctest */ = {isa = PBXFileReference; explicitFileType = wrapper.cfbundle; includeInIndex = 0; path = SEPTANextToArriveUITests.xctest; sourceTree = BUILT_PRODUCTS_DIR; };
		0AA79F34242257A400AF939B /* SEPTANextToArriveUITests.swift */ = {isa = PBXFileReference; lastKnownFileType = sourcecode.swift; path = SEPTANextToArriveUITests.swift; sourceTree = "<group>"; };
		0AA79F36242257A400AF939B /* Info.plist */ = {isa = PBXFileReference; lastKnownFileType = text.plist.xml; path = Info.plist; sourceTree = "<group>"; };
		0AA79F422423D6BF00AF939B /* SEPTAApi.swift */ = {isa = PBXFileReference; lastKnownFileType = sourcecode.swift; path = SEPTAApi.swift; sourceTree = "<group>"; };
/* End PBXFileReference section */

/* Begin PBXFrameworksBuildPhase section */
		0AA79F0C242257A000AF939B /* Frameworks */ = {
			isa = PBXFrameworksBuildPhase;
			buildActionMask = 2147483647;
			files = (
			);
			runOnlyForDeploymentPostprocessing = 0;
		};
		0AA79F22242257A400AF939B /* Frameworks */ = {
			isa = PBXFrameworksBuildPhase;
			buildActionMask = 2147483647;
			files = (
			);
			runOnlyForDeploymentPostprocessing = 0;
		};
		0AA79F2D242257A400AF939B /* Frameworks */ = {
			isa = PBXFrameworksBuildPhase;
			buildActionMask = 2147483647;
			files = (
			);
			runOnlyForDeploymentPostprocessing = 0;
		};
/* End PBXFrameworksBuildPhase section */

/* Begin PBXGroup section */
		0AA79F06242257A000AF939B = {
			isa = PBXGroup;
			children = (
				0AA79F11242257A000AF939B /* SEPTANextToArrive */,
				0AA79F28242257A400AF939B /* SEPTANextToArriveTests */,
				0AA79F33242257A400AF939B /* SEPTANextToArriveUITests */,
				0AA79F10242257A000AF939B /* Products */,
			);
			sourceTree = "<group>";
		};
		0AA79F10242257A000AF939B /* Products */ = {
			isa = PBXGroup;
			children = (
				0AA79F0F242257A000AF939B /* SEPTANextToArrive.app */,
				0AA79F25242257A400AF939B /* SEPTANextToArriveTests.xctest */,
				0AA79F30242257A400AF939B /* SEPTANextToArriveUITests.xctest */,
			);
			name = Products;
			sourceTree = "<group>";
		};
		0AA79F11242257A000AF939B /* SEPTANextToArrive */ = {
			isa = PBXGroup;
			children = (
				0AA79F12242257A000AF939B /* AppDelegate.swift */,
				0AA79F14242257A000AF939B /* SceneDelegate.swift */,
				0AA79F16242257A000AF939B /* ViewController.swift */,
				0AA79F422423D6BF00AF939B /* SEPTAApi.swift */,
				0AA79F18242257A000AF939B /* Main.storyboard */,
				0AA79F1B242257A400AF939B /* Assets.xcassets */,
				0AA79F1D242257A400AF939B /* LaunchScreen.storyboard */,
				0AA79F20242257A400AF939B /* Info.plist */,
			);
			path = SEPTANextToArrive;
			sourceTree = "<group>";
		};
		0AA79F28242257A400AF939B /* SEPTANextToArriveTests */ = {
			isa = PBXGroup;
			children = (
				0AA79F29242257A400AF939B /* SEPTANextToArriveTests.swift */,
				0AA79F2B242257A400AF939B /* Info.plist */,
			);
			path = SEPTANextToArriveTests;
			sourceTree = "<group>";
		};
		0AA79F33242257A400AF939B /* SEPTANextToArriveUITests */ = {
			isa = PBXGroup;
			children = (
				0AA79F34242257A400AF939B /* SEPTANextToArriveUITests.swift */,
				0AA79F36242257A400AF939B /* Info.plist */,
			);
			path = SEPTANextToArriveUITests;
			sourceTree = "<group>";
		};
/* End PBXGroup section */

/* Begin PBXNativeTarget section */
		0AA79F0E242257A000AF939B /* SEPTANextToArrive */ = {
			isa = PBXNativeTarget;
			buildConfigurationList = 0AA79F39242257A400AF939B /* Build configuration list for PBXNativeTarget "SEPTANextToArrive" */;
			buildPhases = (
				0AA79F0B242257A000AF939B /* Sources */,
				0AA79F0C242257A000AF939B /* Frameworks */,
				0AA79F0D242257A000AF939B /* Resources */,
			);
			buildRules = (
			);
			dependencies = (
			);
			name = SEPTANextToArrive;
			productName = SEPTANextToArrive;
			productReference = 0AA79F0F242257A000AF939B /* SEPTANextToArrive.app */;
			productType = "com.apple.product-type.application";
		};
		0AA79F24242257A400AF939B /* SEPTANextToArriveTests */ = {
			isa = PBXNativeTarget;
			buildConfigurationList = 0AA79F3C242257A400AF939B /* Build configuration list for PBXNativeTarget "SEPTANextToArriveTests" */;
			buildPhases = (
				0AA79F21242257A400AF939B /* Sources */,
				0AA79F22242257A400AF939B /* Frameworks */,
				0AA79F23242257A400AF939B /* Resources */,
			);
			buildRules = (
			);
			dependencies = (
				0AA79F27242257A400AF939B /* PBXTargetDependency */,
			);
			name = SEPTANextToArriveTests;
			productName = SEPTANextToArriveTests;
			productReference = 0AA79F25242257A400AF939B /* SEPTANextToArriveTests.xctest */;
			productType = "com.apple.product-type.bundle.unit-test";
		};
		0AA79F2F242257A400AF939B /* SEPTANextToArriveUITests */ = {
			isa = PBXNativeTarget;
			buildConfigurationList = 0AA79F3F242257A400AF939B /* Build configuration list for PBXNativeTarget "SEPTANextToArriveUITests" */;
			buildPhases = (
				0AA79F2C242257A400AF939B /* Sources */,
				0AA79F2D242257A400AF939B /* Frameworks */,
				0AA79F2E242257A400AF939B /* Resources */,
			);
			buildRules = (
			);
			dependencies = (
				0AA79F32242257A400AF939B /* PBXTargetDependency */,
			);
			name = SEPTANextToArriveUITests;
			productName = SEPTANextToArriveUITests;
			productReference = 0AA79F30242257A400AF939B /* SEPTANextToArriveUITests.xctest */;
			productType = "com.apple.product-type.bundle.ui-testing";
		};
/* End PBXNativeTarget section */

/* Begin PBXProject section */
		0AA79F07242257A000AF939B /* Project object */ = {
			isa = PBXProject;
			attributes = {
				LastSwiftUpdateCheck = 1130;
				LastUpgradeCheck = 1130;
				ORGANIZATIONNAME = "Iheme, Quincy";
				TargetAttributes = {
					0AA79F0E242257A000AF939B = {
						CreatedOnToolsVersion = 11.3.1;
					};
					0AA79F24242257A400AF939B = {
						CreatedOnToolsVersion = 11.3.1;
						TestTargetID = 0AA79F0E242257A000AF939B;
					};
					0AA79F2F242257A400AF939B = {
						CreatedOnToolsVersion = 11.3.1;
						TestTargetID = 0AA79F0E242257A000AF939B;
					};
				};
			};
			buildConfigurationList = 0AA79F0A242257A000AF939B /* Build configuration list for PBXProject "SEPTANextToArrive" */;
			compatibilityVersion = "Xcode 9.3";
			developmentRegion = en;
			hasScannedForEncodings = 0;
			knownRegions = (
				en,
				Base,
			);
			mainGroup = 0AA79F06242257A000AF939B;
			productRefGroup = 0AA79F10242257A000AF939B /* Products */;
			projectDirPath = "";
			projectRoot = "";
			targets = (
				0AA79F0E242257A000AF939B /* SEPTANextToArrive */,
				0AA79F24242257A400AF939B /* SEPTANextToArriveTests */,
				0AA79F2F242257A400AF939B /* SEPTANextToArriveUITests */,
			);
		};
/* End PBXProject section */

/* Begin PBXResourcesBuildPhase section */
		0AA79F0D242257A000AF939B /* Resources */ = {
			isa = PBXResourcesBuildPhase;
			buildActionMask = 2147483647;
			files = (
				0AA79F1F242257A400AF939B /* LaunchScreen.storyboard in Resources */,
				0AA79F1C242257A400AF939B /* Assets.xcassets in Resources */,
				0AA79F1A242257A000AF939B /* Main.storyboard in Resources */,
			);
			runOnlyForDeploymentPostprocessing = 0;
		};
		0AA79F23242257A400AF939B /* Resources */ = {
			isa = PBXResourcesBuildPhase;
			buildActionMask = 2147483647;
			files = (
			);
			runOnlyForDeploymentPostprocessing = 0;
		};
		0AA79F2E242257A400AF939B /* Resources */ = {
			isa = PBXResourcesBuildPhase;
			buildActionMask = 2147483647;
			files = (
			);
			runOnlyForDeploymentPostprocessing = 0;
		};
/* End PBXResourcesBuildPhase section */

/* Begin PBXSourcesBuildPhase section */
		0AA79F0B242257A000AF939B /* Sources */ = {
			isa = PBXSourcesBuildPhase;
			buildActionMask = 2147483647;
			files = (
				0AA79F432423D6BF00AF939B /* SEPTAApi.swift in Sources */,
				0AA79F17242257A000AF939B /* ViewController.swift in Sources */,
				0AA79F13242257A000AF939B /* AppDelegate.swift in Sources */,
				0AA79F15242257A000AF939B /* SceneDelegate.swift in Sources */,
			);
			runOnlyForDeploymentPostprocessing = 0;
		};
		0AA79F21242257A400AF939B /* Sources */ = {
			isa = PBXSourcesBuildPhase;
			buildActionMask = 2147483647;
			files = (
				0AA79F2A242257A400AF939B /* SEPTANextToArriveTests.swift in Sources */,
			);
			runOnlyForDeploymentPostprocessing = 0;
		};
		0AA79F2C242257A400AF939B /* Sources */ = {
			isa = PBXSourcesBuildPhase;
			buildActionMask = 2147483647;
			files = (
				0AA79F35242257A400AF939B /* SEPTANextToArriveUITests.swift in Sources */,
			);
			runOnlyForDeploymentPostprocessing = 0;
		};
/* End PBXSourcesBuildPhase section */

/* Begin PBXTargetDependency section */
		0AA79F27242257A400AF939B /* PBXTargetDependency */ = {
			isa = PBXTargetDependency;
			target = 0AA79F0E242257A000AF939B /* SEPTANextToArrive */;
			targetProxy = 0AA79F26242257A400AF939B /* PBXContainerItemProxy */;
		};
		0AA79F32242257A400AF939B /* PBXTargetDependency */ = {
			isa = PBXTargetDependency;
			target = 0AA79F0E242257A000AF939B /* SEPTANextToArrive */;
			targetProxy = 0AA79F31242257A400AF939B /* PBXContainerItemProxy */;
		};
/* End PBXTargetDependency section */

/* Begin PBXVariantGroup section */
		0AA79F18242257A000AF939B /* Main.storyboard */ = {
			isa = PBXVariantGroup;
			children = (
				0AA79F19242257A000AF939B /* Base */,
			);
			name = Main.storyboard;
			sourceTree = "<group>";
		};
		0AA79F1D242257A400AF939B /* LaunchScreen.storyboard */ = {
			isa = PBXVariantGroup;
			children = (
				0AA79F1E242257A400AF939B /* Base */,
			);
			name = LaunchScreen.storyboard;
			sourceTree = "<group>";
		};
/* End PBXVariantGroup section */

/* Begin XCBuildConfiguration section */
		0AA79F37242257A400AF939B /* Debug */ = {
			isa = XCBuildConfiguration;
			buildSettings = {
				ALWAYS_SEARCH_USER_PATHS = NO;
				CLANG_ANALYZER_NONNULL = YES;
				CLANG_ANALYZER_NUMBER_OBJECT_CONVERSION = YES_AGGRESSIVE;
				CLANG_CXX_LANGUAGE_STANDARD = "gnu++14";
				CLANG_CXX_LIBRARY = "libc++";
				CLANG_ENABLE_MODULES = YES;
				CLANG_ENABLE_OBJC_ARC = YES;
				CLANG_ENABLE_OBJC_WEAK = YES;
				CLANG_WARN_BLOCK_CAPTURE_AUTORELEASING = YES;
				CLANG_WARN_BOOL_CONVERSION = YES;
				CLANG_WARN_COMMA = YES;
				CLANG_WARN_CONSTANT_CONVERSION = YES;
				CLANG_WARN_DEPRECATED_OBJC_IMPLEMENTATIONS = YES;
				CLANG_WARN_DIRECT_OBJC_ISA_USAGE = YES_ERROR;
				CLANG_WARN_DOCUMENTATION_COMMENTS = YES;
				CLANG_WARN_EMPTY_BODY = YES;
				CLANG_WARN_ENUM_CONVERSION = YES;
				CLANG_WARN_INFINITE_RECURSION = YES;
				CLANG_WARN_INT_CONVERSION = YES;
				CLANG_WARN_NON_LITERAL_NULL_CONVERSION = YES;
				CLANG_WARN_OBJC_IMPLICIT_RETAIN_SELF = YES;
				CLANG_WARN_OBJC_LITERAL_CONVERSION = YES;
				CLANG_WARN_OBJC_ROOT_CLASS = YES_ERROR;
				CLANG_WARN_RANGE_LOOP_ANALYSIS = YES;
				CLANG_WARN_STRICT_PROTOTYPES = YES;
				CLANG_WARN_SUSPICIOUS_MOVE = YES;
				CLANG_WARN_UNGUARDED_AVAILABILITY = YES_AGGRESSIVE;
				CLANG_WARN_UNREACHABLE_CODE = YES;
				CLANG_WARN__DUPLICATE_METHOD_MATCH = YES;
				COPY_PHASE_STRIP = NO;
				DEBUG_INFORMATION_FORMAT = dwarf;
				ENABLE_STRICT_OBJC_MSGSEND = YES;
				ENABLE_TESTABILITY = YES;
				GCC_C_LANGUAGE_STANDARD = gnu11;
				GCC_DYNAMIC_NO_PIC = NO;
				GCC_NO_COMMON_BLOCKS = YES;
				GCC_OPTIMIZATION_LEVEL = 0;
				GCC_PREPROCESSOR_DEFINITIONS = (
					"DEBUG=1",
					"$(inherited)",
				);
				GCC_WARN_64_TO_32_BIT_CONVERSION = YES;
				GCC_WARN_ABOUT_RETURN_TYPE = YES_ERROR;
				GCC_WARN_UNDECLARED_SELECTOR = YES;
				GCC_WARN_UNINITIALIZED_AUTOS = YES_AGGRESSIVE;
				GCC_WARN_UNUSED_FUNCTION = YES;
				GCC_WARN_UNUSED_VARIABLE = YES;
				IPHONEOS_DEPLOYMENT_TARGET = 13.2;
				MTL_ENABLE_DEBUG_INFO = INCLUDE_SOURCE;
				MTL_FAST_MATH = YES;
				ONLY_ACTIVE_ARCH = YES;
				SDKROOT = iphoneos;
				SWIFT_ACTIVE_COMPILATION_CONDITIONS = DEBUG;
				SWIFT_OPTIMIZATION_LEVEL = "-Onone";
			};
			name = Debug;
		};
		0AA79F38242257A400AF939B /* Release */ = {
			isa = XCBuildConfiguration;
			buildSettings = {
				ALWAYS_SEARCH_USER_PATHS = NO;
				CLANG_ANALYZER_NONNULL = YES;
				CLANG_ANALYZER_NUMBER_OBJECT_CONVERSION = YES_AGGRESSIVE;
				CLANG_CXX_LANGUAGE_STANDARD = "gnu++14";
				CLANG_CXX_LIBRARY = "libc++";
				CLANG_ENABLE_MODULES = YES;
				CLANG_ENABLE_OBJC_ARC = YES;
				CLANG_ENABLE_OBJC_WEAK = YES;
				CLANG_WARN_BLOCK_CAPTURE_AUTORELEASING = YES;
				CLANG_WARN_BOOL_CONVERSION = YES;
				CLANG_WARN_COMMA = YES;
				CLANG_WARN_CONSTANT_CONVERSION = YES;
				CLANG_WARN_DEPRECATED_OBJC_IMPLEMENTATIONS = YES;
				CLANG_WARN_DIRECT_OBJC_ISA_USAGE = YES_ERROR;
				CLANG_WARN_DOCUMENTATION_COMMENTS = YES;
				CLANG_WARN_EMPTY_BODY = YES;
				CLANG_WARN_ENUM_CONVERSION = YES;
				CLANG_WARN_INFINITE_RECURSION = YES;
				CLANG_WARN_INT_CONVERSION = YES;
				CLANG_WARN_NON_LITERAL_NULL_CONVERSION = YES;
				CLANG_WARN_OBJC_IMPLICIT_RETAIN_SELF = YES;
				CLANG_WARN_OBJC_LITERAL_CONVERSION = YES;
				CLANG_WARN_OBJC_ROOT_CLASS = YES_ERROR;
				CLANG_WARN_RANGE_LOOP_ANALYSIS = YES;
				CLANG_WARN_STRICT_PROTOTYPES = YES;
				CLANG_WARN_SUSPICIOUS_MOVE = YES;
				CLANG_WARN_UNGUARDED_AVAILABILITY = YES_AGGRESSIVE;
				CLANG_WARN_UNREACHABLE_CODE = YES;
				CLANG_WARN__DUPLICATE_METHOD_MATCH = YES;
				COPY_PHASE_STRIP = NO;
				DEBUG_INFORMATION_FORMAT = "dwarf-with-dsym";
				ENABLE_NS_ASSERTIONS = NO;
				ENABLE_STRICT_OBJC_MSGSEND = YES;
				GCC_C_LANGUAGE_STANDARD = gnu11;
				GCC_NO_COMMON_BLOCKS = YES;
				GCC_WARN_64_TO_32_BIT_CONVERSION = YES;
				GCC_WARN_ABOUT_RETURN_TYPE = YES_ERROR;
				GCC_WARN_UNDECLARED_SELECTOR = YES;
				GCC_WARN_UNINITIALIZED_AUTOS = YES_AGGRESSIVE;
				GCC_WARN_UNUSED_FUNCTION = YES;
				GCC_WARN_UNUSED_VARIABLE = YES;
				IPHONEOS_DEPLOYMENT_TARGET = 13.2;
				MTL_ENABLE_DEBUG_INFO = NO;
				MTL_FAST_MATH = YES;
				SDKROOT = iphoneos;
				SWIFT_COMPILATION_MODE = wholemodule;
				SWIFT_OPTIMIZATION_LEVEL = "-O";
				VALIDATE_PRODUCT = YES;
			};
			name = Release;
		};
		0AA79F3A242257A400AF939B /* Debug */ = {
			isa = XCBuildConfiguration;
			buildSettings = {
				ASSETCATALOG_COMPILER_APPICON_NAME = AppIcon;
				CODE_SIGN_STYLE = Automatic;
				DEVELOPMENT_TEAM = 9C9VPBB7XN;
				INFOPLIST_FILE = SEPTANextToArrive/Info.plist;
				LD_RUNPATH_SEARCH_PATHS = (
					"$(inherited)",
					"@executable_path/Frameworks",
				);
				PRODUCT_BUNDLE_IDENTIFIER = com.xfinity.SEPTANextToArrive;
				PRODUCT_NAME = "$(TARGET_NAME)";
				SWIFT_VERSION = 5.0;
				TARGETED_DEVICE_FAMILY = "1,2";
			};
			name = Debug;
		};
		0AA79F3B242257A400AF939B /* Release */ = {
			isa = XCBuildConfiguration;
			buildSettings = {
				ASSETCATALOG_COMPILER_APPICON_NAME = AppIcon;
				CODE_SIGN_STYLE = Automatic;
				DEVELOPMENT_TEAM = 9C9VPBB7XN;
				INFOPLIST_FILE = SEPTANextToArrive/Info.plist;
				LD_RUNPATH_SEARCH_PATHS = (
					"$(inherited)",
					"@executable_path/Frameworks",
				);
				PRODUCT_BUNDLE_IDENTIFIER = com.xfinity.SEPTANextToArrive;
				PRODUCT_NAME = "$(TARGET_NAME)";
				SWIFT_VERSION = 5.0;
				TARGETED_DEVICE_FAMILY = "1,2";
			};
			name = Release;
		};
		0AA79F3D242257A400AF939B /* Debug */ = {
			isa = XCBuildConfiguration;
			buildSettings = {
				ALWAYS_EMBED_SWIFT_STANDARD_LIBRARIES = YES;
				BUNDLE_LOADER = "$(TEST_HOST)";
				CODE_SIGN_STYLE = Automatic;
				DEVELOPMENT_TEAM = 9C9VPBB7XN;
				INFOPLIST_FILE = SEPTANextToArriveTests/Info.plist;
				IPHONEOS_DEPLOYMENT_TARGET = 13.2;
				LD_RUNPATH_SEARCH_PATHS = (
					"$(inherited)",
					"@executable_path/Frameworks",
					"@loader_path/Frameworks",
				);
				PRODUCT_BUNDLE_IDENTIFIER = com.xfinity.SEPTANextToArriveTests;
				PRODUCT_NAME = "$(TARGET_NAME)";
				SWIFT_VERSION = 5.0;
				TARGETED_DEVICE_FAMILY = "1,2";
				TEST_HOST = "$(BUILT_PRODUCTS_DIR)/SEPTANextToArrive.app/SEPTANextToArrive";
			};
			name = Debug;
		};
		0AA79F3E242257A400AF939B /* Release */ = {
			isa = XCBuildConfiguration;
			buildSettings = {
				ALWAYS_EMBED_SWIFT_STANDARD_LIBRARIES = YES;
				BUNDLE_LOADER = "$(TEST_HOST)";
				CODE_SIGN_STYLE = Automatic;
				DEVELOPMENT_TEAM = 9C9VPBB7XN;
				INFOPLIST_FILE = SEPTANextToArriveTests/Info.plist;
				IPHONEOS_DEPLOYMENT_TARGET = 13.2;
				LD_RUNPATH_SEARCH_PATHS = (
					"$(inherited)",
					"@executable_path/Frameworks",
					"@loader_path/Frameworks",
				);
				PRODUCT_BUNDLE_IDENTIFIER = com.xfinity.SEPTANextToArriveTests;
				PRODUCT_NAME = "$(TARGET_NAME)";
				SWIFT_VERSION = 5.0;
				TARGETED_DEVICE_FAMILY = "1,2";
				TEST_HOST = "$(BUILT_PRODUCTS_DIR)/SEPTANextToArrive.app/SEPTANextToArrive";
			};
			name = Release;
		};
		0AA79F40242257A400AF939B /* Debug */ = {
			isa = XCBuildConfiguration;
			buildSettings = {
				ALWAYS_EMBED_SWIFT_STANDARD_LIBRARIES = YES;
				CODE_SIGN_STYLE = Automatic;
				DEVELOPMENT_TEAM = 9C9VPBB7XN;
				INFOPLIST_FILE = SEPTANextToArriveUITests/Info.plist;
				LD_RUNPATH_SEARCH_PATHS = (
					"$(inherited)",
					"@executable_path/Frameworks",
					"@loader_path/Frameworks",
				);
				PRODUCT_BUNDLE_IDENTIFIER = com.xfinity.SEPTANextToArriveUITests;
				PRODUCT_NAME = "$(TARGET_NAME)";
				SWIFT_VERSION = 5.0;
				TARGETED_DEVICE_FAMILY = "1,2";
				TEST_TARGET_NAME = SEPTANextToArrive;
			};
			name = Debug;
		};
		0AA79F41242257A400AF939B /* Release */ = {
			isa = XCBuildConfiguration;
			buildSettings = {
				ALWAYS_EMBED_SWIFT_STANDARD_LIBRARIES = YES;
				CODE_SIGN_STYLE = Automatic;
				DEVELOPMENT_TEAM = 9C9VPBB7XN;
				INFOPLIST_FILE = SEPTANextToArriveUITests/Info.plist;
				LD_RUNPATH_SEARCH_PATHS = (
					"$(inherited)",
					"@executable_path/Frameworks",
					"@loader_path/Frameworks",
				);
				PRODUCT_BUNDLE_IDENTIFIER = com.xfinity.SEPTANextToArriveUITests;
				PRODUCT_NAME = "$(TARGET_NAME)";
				SWIFT_VERSION = 5.0;
				TARGETED_DEVICE_FAMILY = "1,2";
				TEST_TARGET_NAME = SEPTANextToArrive;
			};
			name = Release;
		};
/* End XCBuildConfiguration section */

/* Begin XCConfigurationList section */
		0AA79F0A242257A000AF939B /* Build configuration list for PBXProject "SEPTANextToArrive" */ = {
			isa = XCConfigurationList;
			buildConfigurations = (
				0AA79F37242257A400AF939B /* Debug */,
				0AA79F38242257A400AF939B /* Release */,
			);
			defaultConfigurationIsVisible = 0;
			defaultConfigurationName = Release;
		};
		0AA79F39242257A400AF939B /* Build configuration list for PBXNativeTarget "SEPTANextToArrive" */ = {
			isa = XCConfigurationList;
			buildConfigurations = (
				0AA79F3A242257A400AF939B /* Debug */,
				0AA79F3B242257A400AF939B /* Release */,
			);
			defaultConfigurationIsVisible = 0;
			defaultConfigurationName = Release;
		};
		0AA79F3C242257A400AF939B /* Build configuration list for PBXNativeTarget "SEPTANextToArriveTests" */ = {
			isa = XCConfigurationList;
			buildConfigurations = (
				0AA79F3D242257A400AF939B /* Debug */,
				0AA79F3E242257A400AF939B /* Release */,
			);
			defaultConfigurationIsVisible = 0;
			defaultConfigurationName = Release;
		};
		0AA79F3F242257A400AF939B /* Build configuration list for PBXNativeTarget "SEPTANextToArriveUITests" */ = {
			isa = XCConfigurationList;
			buildConfigurations = (
				0AA79F40242257A400AF939B /* Debug */,
				0AA79F41242257A400AF939B /* Release */,
			);
			defaultConfigurationIsVisible = 0;
			defaultConfigurationName = Release;
		};
/* End XCConfigurationList section */
	};
	rootObject = 0AA79F07242257A000AF939B /* Project object */;
}
